
Microsoft Visual Studio Solution File, Format Version 12.00
# Visual Studio Version 17
VisualStudioVersion = 17.0.31903.59
MinimumVisualStudioVersion = 10.0.40219.1
Project("{FAE04EC0-301F-11D3-BF4B-00C04F79EFBC}") = "money-list-app.API", "money-list-app.API\money-list-app.API.csproj", "{7A89910E-78AC-4631-BC7B-7C9531F94595}"
EndProject
Project("{FAE04EC0-301F-11D3-BF4B-00C04F79EFBC}") = "money-list-app.Data", "money-list-app.Data\money-list-app.Data.csproj", "{DF50F5AE-F589-4F73-A215-96BB724DCCAF}"
EndProject
Project("{FAE04EC0-301F-11D3-BF4B-00C04F79EFBC}") = "money-list-app.Domain", "money-list-app.Domain\money-list-app.Domain.csproj", "{AF03CF2E-5546-4600-BBF3-4BA9D3F9F233}"
EndProject
Global
	GlobalSection(SolutionConfigurationPlatforms) = preSolution
		Debug|Any CPU = Debug|Any CPU
		Release|Any CPU = Release|Any CPU
	EndGlobalSection
	GlobalSection(ProjectConfigurationPlatforms) = postSolution
		{7A89910E-78AC-4631-BC7B-7C9531F94595}.Debug|Any CPU.ActiveCfg = Debug|Any CPU
		{7A89910E-78AC-4631-BC7B-7C9531F94595}.Debug|Any CPU.Build.0 = Debug|Any CPU
		{7A89910E-78AC-4631-BC7B-7C9531F94595}.Release|Any CPU.ActiveCfg = Release|Any CPU
		{7A89910E-78AC-4631-BC7B-7C9531F94595}.Release|Any CPU.Build.0 = Release|Any CPU
		{DF50F5AE-F589-4F73-A215-96BB724DCCAF}.Debug|Any CPU.ActiveCfg = Debug|Any CPU
		{DF50F5AE-F589-4F73-A215-96BB724DCCAF}.Debug|Any CPU.Build.0 = Debug|Any CPU
		{DF50F5AE-F589-4F73-A215-96BB724DCCAF}.Release|Any CPU.ActiveCfg = Release|Any CPU
		{DF50F5AE-F589-4F73-A215-96BB724DCCAF}.Release|Any CPU.Build.0 = Release|Any CPU
		{AF03CF2E-5546-4600-BBF3-4BA9D3F9F233}.Debug|Any CPU.ActiveCfg = Debug|Any CPU
		{AF03CF2E-5546-4600-BBF3-4BA9D3F9F233}.Debug|Any CPU.Build.0 = Debug|Any CPU
		{AF03CF2E-5546-4600-BBF3-4BA9D3F9F233}.Release|Any CPU.ActiveCfg = Release|Any CPU
		{AF03CF2E-5546-4600-BBF3-4BA9D3F9F233}.Release|Any CPU.Build.0 = Release|Any CPU
	EndGlobalSection
	GlobalSection(SolutionProperties) = preSolution
		HideSolutionNode = FALSE
	EndGlobalSection
	GlobalSection(ExtensibilityGlobals) = postSolution
		SolutionGuid = {D065AE3E-DF75-4285-94C0-16AA6030CE42}
	EndGlobalSection
EndGlobal
